
Microsoft Visual Studio Solution File, Format Version 12.00
# Visual Studio 15
VisualStudioVersion = 15.0.27004.2009
MinimumVisualStudioVersion = 10.0.40219.1
Project("{FAE04EC0-301F-11D3-BF4B-00C04F79EFBC}") = "AutomationSWM", "AutomationSWM\AutomationSWM.csproj", "{735479E4-2DEE-4197-9622-5018715EAA87}"
EndProject
Project("{FAE04EC0-301F-11D3-BF4B-00C04F79EFBC}") = "SIteDisplayAutomationResults", "SIteDisplayAutomationResults\SIteDisplayAutomationResults.csproj", "{662D2699-C7E8-4A8E-B89D-8274919D64B4}"
EndProject
Project("{FAE04EC0-301F-11D3-BF4B-00C04F79EFBC}") = "WebApi", "WebApi\WebApi.csproj", "{D9A884F5-5CE0-4398-BD45-462E3855A693}"
EndProject
Global
	GlobalSection(SolutionConfigurationPlatforms) = preSolution
		Debug|Any CPU = Debug|Any CPU
		Release|Any CPU = Release|Any CPU
	EndGlobalSection
	GlobalSection(ProjectConfigurationPlatforms) = postSolution
		{735479E4-2DEE-4197-9622-5018715EAA87}.Debug|Any CPU.ActiveCfg = Debug|Any CPU
		{735479E4-2DEE-4197-9622-5018715EAA87}.Debug|Any CPU.Build.0 = Debug|Any CPU
		{735479E4-2DEE-4197-9622-5018715EAA87}.Release|Any CPU.ActiveCfg = Release|Any CPU
		{735479E4-2DEE-4197-9622-5018715EAA87}.Release|Any CPU.Build.0 = Release|Any CPU
		{662D2699-C7E8-4A8E-B89D-8274919D64B4}.Debug|Any CPU.ActiveCfg = Debug|Any CPU
		{662D2699-C7E8-4A8E-B89D-8274919D64B4}.Debug|Any CPU.Build.0 = Debug|Any CPU
		{662D2699-C7E8-4A8E-B89D-8274919D64B4}.Release|Any CPU.ActiveCfg = Release|Any CPU
		{662D2699-C7E8-4A8E-B89D-8274919D64B4}.Release|Any CPU.Build.0 = Release|Any CPU
		{D9A884F5-5CE0-4398-BD45-462E3855A693}.Debug|Any CPU.ActiveCfg = Debug|Any CPU
		{D9A884F5-5CE0-4398-BD45-462E3855A693}.Debug|Any CPU.Build.0 = Debug|Any CPU
		{D9A884F5-5CE0-4398-BD45-462E3855A693}.Release|Any CPU.ActiveCfg = Release|Any CPU
		{D9A884F5-5CE0-4398-BD45-462E3855A693}.Release|Any CPU.Build.0 = Release|Any CPU
	EndGlobalSection
	GlobalSection(SolutionProperties) = preSolution
		HideSolutionNode = FALSE
	EndGlobalSection
	GlobalSection(ExtensibilityGlobals) = postSolution
		SolutionGuid = {F1F161C4-FB20-4AA9-97E0-7DE89EAED6D8}
	EndGlobalSection
EndGlobal
